
Microsoft Visual Studio Solution File, Format Version 12.00
# Visual Studio Version 18
VisualStudioVersion = 18.0.11222.15 d18.0
MinimumVisualStudioVersion = 10.0.40219.1
Project("{FAE04EC0-301F-11D3-BF4B-00C04F79EFBC}") = "ss1", "ss1\ss1.csproj", "{904F0408-4BAC-4407-A1F3-0AE8EC783E2E}"
EndProject
Project("{2150E333-8FDC-42A3-9474-1A3956D46DE8}") = "Элементы решения", "Элементы решения", "{4F42FE0A-2734-49F3-8D3F-342A85EE50D0}"
	ProjectSection(SolutionItems) = preProject
		.gitignore = .gitignore
	EndProjectSection
EndProject
Project("{FAE04EC0-301F-11D3-BF4B-00C04F79EFBC}") = "ss1.Api", "ss1.Api\ss1.Api.csproj", "{38365434-2341-4DB2-9B22-449A0CDB6968}"
EndProject
Project("{FAE04EC0-301F-11D3-BF4B-00C04F79EFBC}") = "ss1.Tests", "ss1.Tests\ss1.Tests.csproj", "{C7410C86-4AC9-4C37-8C54-AE2DF30DCED9}"
EndProject
Global
	GlobalSection(SolutionConfigurationPlatforms) = preSolution
		Debug|Any CPU = Debug|Any CPU
		Release|Any CPU = Release|Any CPU
	EndGlobalSection
	GlobalSection(ProjectConfigurationPlatforms) = postSolution
		{904F0408-4BAC-4407-A1F3-0AE8EC783E2E}.Debug|Any CPU.ActiveCfg = Debug|Any CPU
		{904F0408-4BAC-4407-A1F3-0AE8EC783E2E}.Debug|Any CPU.Build.0 = Debug|Any CPU
		{904F0408-4BAC-4407-A1F3-0AE8EC783E2E}.Release|Any CPU.ActiveCfg = Release|Any CPU
		{904F0408-4BAC-4407-A1F3-0AE8EC783E2E}.Release|Any CPU.Build.0 = Release|Any CPU
		{38365434-2341-4DB2-9B22-449A0CDB6968}.Debug|Any CPU.ActiveCfg = Debug|Any CPU
		{38365434-2341-4DB2-9B22-449A0CDB6968}.Debug|Any CPU.Build.0 = Debug|Any CPU
		{38365434-2341-4DB2-9B22-449A0CDB6968}.Release|Any CPU.ActiveCfg = Release|Any CPU
		{38365434-2341-4DB2-9B22-449A0CDB6968}.Release|Any CPU.Build.0 = Release|Any CPU
		{C7410C86-4AC9-4C37-8C54-AE2DF30DCED9}.Debug|Any CPU.ActiveCfg = Debug|Any CPU
		{C7410C86-4AC9-4C37-8C54-AE2DF30DCED9}.Debug|Any CPU.Build.0 = Debug|Any CPU
		{C7410C86-4AC9-4C37-8C54-AE2DF30DCED9}.Release|Any CPU.ActiveCfg = Release|Any CPU
		{C7410C86-4AC9-4C37-8C54-AE2DF30DCED9}.Release|Any CPU.Build.0 = Release|Any CPU
	EndGlobalSection
	GlobalSection(SolutionProperties) = preSolution
		HideSolutionNode = FALSE
	EndGlobalSection
	GlobalSection(ExtensibilityGlobals) = postSolution
		SolutionGuid = {58E452F3-7BBD-43E3-A69A-314A47E361BA}
	EndGlobalSection
EndGlobal
